
Microsoft Visual Studio Solution File, Format Version 12.00
# Visual Studio Version 16
VisualStudioVersion = 16.0.31702.278
MinimumVisualStudioVersion = 10.0.40219.1
Project("{FAE04EC0-301F-11D3-BF4B-00C04F79EFBC}") = "Wpf_lab8", "Wpf_lab8\Wpf_lab8.csproj", "{DEC266BD-A2BC-4893-AECE-19666BF642BE}"
EndProject
Global
	GlobalSection(SolutionConfigurationPlatforms) = preSolution
		Debug|Any CPU = Debug|Any CPU
		Release|Any CPU = Release|Any CPU
	EndGlobalSection
	GlobalSection(ProjectConfigurationPlatforms) = postSolution
		{DEC266BD-A2BC-4893-AECE-19666BF642BE}.Debug|Any CPU.ActiveCfg = Debug|Any CPU
		{DEC266BD-A2BC-4893-AECE-19666BF642BE}.Debug|Any CPU.Build.0 = Debug|Any CPU
		{DEC266BD-A2BC-4893-AECE-19666BF642BE}.Release|Any CPU.ActiveCfg = Release|Any CPU
		{DEC266BD-A2BC-4893-AECE-19666BF642BE}.Release|Any CPU.Build.0 = Release|Any CPU
	EndGlobalSection
	GlobalSection(SolutionProperties) = preSolution
		HideSolutionNode = FALSE
	EndGlobalSection
	GlobalSection(ExtensibilityGlobals) = postSolution
		SolutionGuid = {A9646122-6734-4C4C-BFA7-F9E24FF26497}
	EndGlobalSection
EndGlobal
